// !$*UTF8*$!
{
	archiveVersion = 1;
	classes = {
	};
	objectVersion = 77;
	objects = {

/* Begin PBXBuildFile section */
		3169A4A32F9A3F8A007E135A /* ComposableArchitecture in Frameworks */ = {isa = PBXBuildFile; productRef = 3169A4A22F9A3F8A007E135A /* ComposableArchitecture */; };
		3169A4CD2F9A42C5007E135A /* QGrid in Frameworks */ = {isa = PBXBuildFile; productRef = 3169A4CC2F9A42C5007E135A /* QGrid */; };
		3169A4D02F9A4310007E135A /* ActivityIndicatorView in Frameworks */ = {isa = PBXBuildFile; productRef = 3169A4CF2F9A4310007E135A /* ActivityIndicatorView */; };
/* End PBXBuildFile section */

/* Begin PBXContainerItemProxy section */
		3169A4812F9A3E66007E135A /* PBXContainerItemProxy */ = {
			isa = PBXContainerItemProxy;
			containerPortal = 3169A46B2F9A3E63007E135A /* Project object */;
			proxyType = 1;
			remoteGlobalIDString = 3169A4722F9A3E63007E135A;
			remoteInfo = SwiftUI_YahooImageSearch_TCA;
		};
		3169A48B2F9A3E66007E135A /* PBXContainerItemProxy */ = {
			isa = PBXContainerItemProxy;
			containerPortal = 3169A46B2F9A3E63007E135A /* Project object */;
			proxyType = 1;
			remoteGlobalIDString = 3169A4722F9A3E63007E135A;
			remoteInfo = SwiftUI_YahooImageSearch_TCA;
		};
/* End PBXContainerItemProxy section */

/* Begin PBXFileReference section */
		3169A4732F9A3E63007E135A /* SwiftUI_YahooImageSearch_TCA.app */ = {isa = PBXFileReference; explicitFileType = wrapper.application; includeInIndex = 0; path = SwiftUI_YahooImageSearch_TCA.app; sourceTree = BUILT_PRODUCTS_DIR; };
		3169A4802F9A3E66007E135A /* SwiftUI_YahooImageSearch_TCATests.xctest */ = {isa = PBXFileReference; explicitFileType = wrapper.cfbundle; includeInIndex = 0; path = SwiftUI_YahooImageSearch_TCATests.xctest; sourceTree = BUILT_PRODUCTS_DIR; };
		3169A48A2F9A3E66007E135A /* SwiftUI_YahooImageSearch_TCAUITests.xctest */ = {isa = PBXFileReference; explicitFileType = wrapper.cfbundle; includeInIndex = 0; path = SwiftUI_YahooImageSearch_TCAUITests.xctest; sourceTree = BUILT_PRODUCTS_DIR; };
/* End PBXFileReference section */

/* Begin PBXFileSystemSynchronizedRootGroup section */
		3169A4752F9A3E63007E135A /* SwiftUI_YahooImageSearch_TCA */ = {
			isa = PBXFileSystemSynchronizedRootGroup;
			path = SwiftUI_YahooImageSearch_TCA;
			sourceTree = "<group>";
		};
		3169A4832F9A3E66007E135A /* SwiftUI_YahooImageSearch_TCATests */ = {
			isa = PBXFileSystemSynchronizedRootGroup;
			path = SwiftUI_YahooImageSearch_TCATests;
			sourceTree = "<group>";
		};
		3169A48D2F9A3E66007E135A /* SwiftUI_YahooImageSearch_TCAUITests */ = {
			isa = PBXFileSystemSynchronizedRootGroup;
			path = SwiftUI_YahooImageSearch_TCAUITests;
			sourceTree = "<group>";
		};
/* End PBXFileSystemSynchronizedRootGroup section */

/* Begin PBXFrameworksBuildPhase section */
		3169A4702F9A3E63007E135A /* Frameworks */ = {
			isa = PBXFrameworksBuildPhase;
			buildActionMask = 2147483647;
			files = (
				3169A4CD2F9A42C5007E135A /* QGrid in Frameworks */,
				3169A4D02F9A4310007E135A /* ActivityIndicatorView in Frameworks */,
				3169A4A32F9A3F8A007E135A /* ComposableArchitecture in Frameworks */,
			);
			runOnlyForDeploymentPostprocessing = 0;
		};
		3169A47D2F9A3E66007E135A /* Frameworks */ = {
			isa = PBXFrameworksBuildPhase;
			buildActionMask = 2147483647;
			files = (
			);
			runOnlyForDeploymentPostprocessing = 0;
		};
		3169A4872F9A3E66007E135A /* Frameworks */ = {
			isa = PBXFrameworksBuildPhase;
			buildActionMask = 2147483647;
			files = (
			);
			runOnlyForDeploymentPostprocessing = 0;
		};
/* End PBXFrameworksBuildPhase section */

/* Begin PBXGroup section */
		3169A46A2F9A3E63007E135A = {
			isa = PBXGroup;
			children = (
				3169A4752F9A3E63007E135A /* SwiftUI_YahooImageSearch_TCA */,
				3169A4832F9A3E66007E135A /* SwiftUI_YahooImageSearch_TCATests */,
				3169A48D2F9A3E66007E135A /* SwiftUI_YahooImageSearch_TCAUITests */,
				3169A4742F9A3E63007E135A /* Products */,
			);
			sourceTree = "<group>";
		};
		3169A4742F9A3E63007E135A /* Products */ = {
			isa = PBXGroup;
			children = (
				3169A4732F9A3E63007E135A /* SwiftUI_YahooImageSearch_TCA.app */,
				3169A4802F9A3E66007E135A /* SwiftUI_YahooImageSearch_TCATests.xctest */,
				3169A48A2F9A3E66007E135A /* SwiftUI_YahooImageSearch_TCAUITests.xctest */,
			);
			name = Products;
			sourceTree = "<group>";
		};
/* End PBXGroup section */

/* Begin PBXNativeTarget section */
		3169A4722F9A3E63007E135A /* SwiftUI_YahooImageSearch_TCA */ = {
			isa = PBXNativeTarget;
			buildConfigurationList = 3169A4942F9A3E66007E135A /* Build configuration list for PBXNativeTarget "SwiftUI_YahooImageSearch_TCA" */;
			buildPhases = (
				3169A46F2F9A3E63007E135A /* Sources */,
				3169A4702F9A3E63007E135A /* Frameworks */,
				3169A4712F9A3E63007E135A /* Resources */,
			);
			buildRules = (
			);
			dependencies = (
			);
			fileSystemSynchronizedGroups = (
				3169A4752F9A3E63007E135A /* SwiftUI_YahooImageSearch_TCA */,
			);
			name = SwiftUI_YahooImageSearch_TCA;
			packageProductDependencies = (
				3169A4A22F9A3F8A007E135A /* ComposableArchitecture */,
				3169A4CC2F9A42C5007E135A /* QGrid */,
				3169A4CF2F9A4310007E135A /* ActivityIndicatorView */,
			);
			productName = SwiftUI_YahooImageSearch_TCA;
			productReference = 3169A4732F9A3E63007E135A /* SwiftUI_YahooImageSearch_TCA.app */;
			productType = "com.apple.product-type.application";
		};
		3169A47F2F9A3E66007E135A /* SwiftUI_YahooImageSearch_TCATests */ = {
			isa = PBXNativeTarget;
			buildConfigurationList = 3169A4972F9A3E66007E135A /* Build configuration list for PBXNativeTarget "SwiftUI_YahooImageSearch_TCATests" */;
			buildPhases = (
				3169A47C2F9A3E66007E135A /* Sources */,
				3169A47D2F9A3E66007E135A /* Frameworks */,
				3169A47E2F9A3E66007E135A /* Resources */,
			);
			buildRules = (
			);
			dependencies = (
				3169A4822F9A3E66007E135A /* PBXTargetDependency */,
			);
			fileSystemSynchronizedGroups = (
				3169A4832F9A3E66007E135A /* SwiftUI_YahooImageSearch_TCATests */,
			);
			name = SwiftUI_YahooImageSearch_TCATests;
			packageProductDependencies = (
			);
			productName = SwiftUI_YahooImageSearch_TCATests;
			productReference = 3169A4802F9A3E66007E135A /* SwiftUI_YahooImageSearch_TCATests.xctest */;
			productType = "com.apple.product-type.bundle.unit-test";
		};
		3169A4892F9A3E66007E135A /* SwiftUI_YahooImageSearch_TCAUITests */ = {
			isa = PBXNativeTarget;
			buildConfigurationList = 3169A49A2F9A3E66007E135A /* Build configuration list for PBXNativeTarget "SwiftUI_YahooImageSearch_TCAUITests" */;
			buildPhases = (
				3169A4862F9A3E66007E135A /* Sources */,
				3169A4872F9A3E66007E135A /* Frameworks */,
				3169A4882F9A3E66007E135A /* Resources */,
			);
			buildRules = (
			);
			dependencies = (
				3169A48C2F9A3E66007E135A /* PBXTargetDependency */,
			);
			fileSystemSynchronizedGroups = (
				3169A48D2F9A3E66007E135A /* SwiftUI_YahooImageSearch_TCAUITests */,
			);
			name = SwiftUI_YahooImageSearch_TCAUITests;
			packageProductDependencies = (
			);
			productName = SwiftUI_YahooImageSearch_TCAUITests;
			productReference = 3169A48A2F9A3E66007E135A /* SwiftUI_YahooImageSearch_TCAUITests.xctest */;
			productType = "com.apple.product-type.bundle.ui-testing";
		};
/* End PBXNativeTarget section */

/* Begin PBXProject section */
		3169A46B2F9A3E63007E135A /* Project object */ = {
			isa = PBXProject;
			attributes = {
				BuildIndependentTargetsInParallel = 1;
				LastSwiftUpdateCheck = 2640;
				LastUpgradeCheck = 2640;
				TargetAttributes = {
					3169A4722F9A3E63007E135A = {
						CreatedOnToolsVersion = 26.4.1;
					};
					3169A47F2F9A3E66007E135A = {
						CreatedOnToolsVersion = 26.4.1;
						TestTargetID = 3169A4722F9A3E63007E135A;
					};
					3169A4892F9A3E66007E135A = {
						CreatedOnToolsVersion = 26.4.1;
						TestTargetID = 3169A4722F9A3E63007E135A;
					};
				};
			};
			buildConfigurationList = 3169A46E2F9A3E63007E135A /* Build configuration list for PBXProject "SwiftUI_YahooImageSearch_TCA" */;
			developmentRegion = en;
			hasScannedForEncodings = 0;
			knownRegions = (
				en,
				Base,
			);
			mainGroup = 3169A46A2F9A3E63007E135A;
			minimizedProjectReferenceProxies = 1;
			packageReferences = (
				3169A4A12F9A3F8A007E135A /* XCRemoteSwiftPackageReference "swift-composable-architecture" */,
				3169A4CB2F9A42C5007E135A /* XCRemoteSwiftPackageReference "QGrid" */,
				3169A4CE2F9A4310007E135A /* XCRemoteSwiftPackageReference "ActivityIndicatorView" */,
			);
			preferredProjectObjectVersion = 77;
			productRefGroup = 3169A4742F9A3E63007E135A /* Products */;
			projectDirPath = "";
			projectRoot = "";
			targets = (
				3169A4722F9A3E63007E135A /* SwiftUI_YahooImageSearch_TCA */,
				3169A47F2F9A3E66007E135A /* SwiftUI_YahooImageSearch_TCATests */,
				3169A4892F9A3E66007E135A /* SwiftUI_YahooImageSearch_TCAUITests */,
			);
		};
/* End PBXProject section */

/* Begin PBXResourcesBuildPhase section */
		3169A4712F9A3E63007E135A /* Resources */ = {
			isa = PBXResourcesBuildPhase;
			buildActionMask = 2147483647;
			files = (
			);
			runOnlyForDeploymentPostprocessing = 0;
		};
		3169A47E2F9A3E66007E135A /* Resources */ = {
			isa = PBXResourcesBuildPhase;
			buildActionMask = 2147483647;
			files = (
			);
			runOnlyForDeploymentPostprocessing = 0;
		};
		3169A4882F9A3E66007E135A /* Resources */ = {
			isa = PBXResourcesBuildPhase;
			buildActionMask = 2147483647;
			files = (
			);
			runOnlyForDeploymentPostprocessing = 0;
		};
/* End PBXResourcesBuildPhase section */

/* Begin PBXSourcesBuildPhase section */
		3169A46F2F9A3E63007E135A /* Sources */ = {
			isa = PBXSourcesBuildPhase;
			buildActionMask = 2147483647;
			files = (
			);
			runOnlyForDeploymentPostprocessing = 0;
		};
		3169A47C2F9A3E66007E135A /* Sources */ = {
			isa = PBXSourcesBuildPhase;
			buildActionMask = 2147483647;
			files = (
			);
			runOnlyForDeploymentPostprocessing = 0;
		};
		3169A4862F9A3E66007E135A /* Sources */ = {
			isa = PBXSourcesBuildPhase;
			buildActionMask = 2147483647;
			files = (
			);
			runOnlyForDeploymentPostprocessing = 0;
		};
/* End PBXSourcesBuildPhase section */

/* Begin PBXTargetDependency section */
		3169A4822F9A3E66007E135A /* PBXTargetDependency */ = {
			isa = PBXTargetDependency;
			target = 3169A4722F9A3E63007E135A /* SwiftUI_YahooImageSearch_TCA */;
			targetProxy = 3169A4812F9A3E66007E135A /* PBXContainerItemProxy */;
		};
		3169A48C2F9A3E66007E135A /* PBXTargetDependency */ = {
			isa = PBXTargetDependency;
			target = 3169A4722F9A3E63007E135A /* SwiftUI_YahooImageSearch_TCA */;
			targetProxy = 3169A48B2F9A3E66007E135A /* PBXContainerItemProxy */;
		};
/* End PBXTargetDependency section */

/* Begin XCBuildConfiguration section */
		3169A4922F9A3E66007E135A /* Debug */ = {
			isa = XCBuildConfiguration;
			buildSettings = {
				ALWAYS_SEARCH_USER_PATHS = NO;
				ASSETCATALOG_COMPILER_GENERATE_SWIFT_ASSET_SYMBOL_EXTENSIONS = YES;
				CLANG_ANALYZER_NONNULL = YES;
				CLANG_ANALYZER_NUMBER_OBJECT_CONVERSION = YES_AGGRESSIVE;
				CLANG_CXX_LANGUAGE_STANDARD = "gnu++20";
				CLANG_ENABLE_MODULES = YES;
				CLANG_ENABLE_OBJC_ARC = YES;
				CLANG_ENABLE_OBJC_WEAK = YES;
				CLANG_WARN_BLOCK_CAPTURE_AUTORELEASING = YES;
				CLANG_WARN_BOOL_CONVERSION = YES;
				CLANG_WARN_COMMA = YES;
				CLANG_WARN_CONSTANT_CONVERSION = YES;
				CLANG_WARN_DEPRECATED_OBJC_IMPLEMENTATIONS = YES;
				CLANG_WARN_DIRECT_OBJC_ISA_USAGE = YES_ERROR;
				CLANG_WARN_DOCUMENTATION_COMMENTS = YES;
				CLANG_WARN_EMPTY_BODY = YES;
				CLANG_WARN_ENUM_CONVERSION = YES;
				CLANG_WARN_INFINITE_RECURSION = YES;
				CLANG_WARN_INT_CONVERSION = YES;
				CLANG_WARN_NON_LITERAL_NULL_CONVERSION = YES;
				CLANG_WARN_OBJC_IMPLICIT_RETAIN_SELF = YES;
				CLANG_WARN_OBJC_LITERAL_CONVERSION = YES;
				CLANG_WARN_OBJC_ROOT_CLASS = YES_ERROR;
				CLANG_WARN_QUOTED_INCLUDE_IN_FRAMEWORK_HEADER = YES;
				CLANG_WARN_RANGE_LOOP_ANALYSIS = YES;
				CLANG_WARN_STRICT_PROTOTYPES = YES;
				CLANG_WARN_SUSPICIOUS_MOVE = YES;
				CLANG_WARN_UNGUARDED_AVAILABILITY = YES_AGGRESSIVE;
				CLANG_WARN_UNREACHABLE_CODE = YES;
				CLANG_WARN__DUPLICATE_METHOD_MATCH = YES;
				COPY_PHASE_STRIP = NO;
				DEBUG_INFORMATION_FORMAT = dwarf;
				DEVELOPMENT_TEAM = U5LW6HVD99;
				ENABLE_STRICT_OBJC_MSGSEND = YES;
				ENABLE_TESTABILITY = YES;
				ENABLE_USER_SCRIPT_SANDBOXING = YES;
				GCC_C_LANGUAGE_STANDARD = gnu17;
				GCC_DYNAMIC_NO_PIC = NO;
				GCC_NO_COMMON_BLOCKS = YES;
				GCC_OPTIMIZATION_LEVEL = 0;
				GCC_PREPROCESSOR_DEFINITIONS = (
					"DEBUG=1",
					"$(inherited)",
				);
				GCC_WARN_64_TO_32_BIT_CONVERSION = YES;
				GCC_WARN_ABOUT_RETURN_TYPE = YES_ERROR;
				GCC_WARN_UNDECLARED_SELECTOR = YES;
				GCC_WARN_UNINITIALIZED_AUTOS = YES_AGGRESSIVE;
				GCC_WARN_UNUSED_FUNCTION = YES;
				GCC_WARN_UNUSED_VARIABLE = YES;
				IPHONEOS_DEPLOYMENT_TARGET = 26.4;
				LOCALIZATION_PREFERS_STRING_CATALOGS = YES;
				MTL_ENABLE_DEBUG_INFO = INCLUDE_SOURCE;
				MTL_FAST_MATH = YES;
				ONLY_ACTIVE_ARCH = YES;
				SDKROOT = iphoneos;
				SWIFT_ACTIVE_COMPILATION_CONDITIONS = "DEBUG $(inherited)";
				SWIFT_OPTIMIZATION_LEVEL = "-Onone";
			};
			name = Debug;
		};
		3169A4932F9A3E66007E135A /* Release */ = {
			isa = XCBuildConfiguration;
			buildSettings = {
				ALWAYS_SEARCH_USER_PATHS = NO;
				ASSETCATALOG_COMPILER_GENERATE_SWIFT_ASSET_SYMBOL_EXTENSIONS = YES;
				CLANG_ANALYZER_NONNULL = YES;
				CLANG_ANALYZER_NUMBER_OBJECT_CONVERSION = YES_AGGRESSIVE;
				CLANG_CXX_LANGUAGE_STANDARD = "gnu++20";
				CLANG_ENABLE_MODULES = YES;
				CLANG_ENABLE_OBJC_ARC = YES;
				CLANG_ENABLE_OBJC_WEAK = YES;
				CLANG_WARN_BLOCK_CAPTURE_AUTORELEASING = YES;
				CLANG_WARN_BOOL_CONVERSION = YES;
				CLANG_WARN_COMMA = YES;
				CLANG_WARN_CONSTANT_CONVERSION = YES;
				CLANG_WARN_DEPRECATED_OBJC_IMPLEMENTATIONS = YES;
				CLANG_WARN_DIRECT_OBJC_ISA_USAGE = YES_ERROR;
				CLANG_WARN_DOCUMENTATION_COMMENTS = YES;
				CLANG_WARN_EMPTY_BODY = YES;
				CLANG_WARN_ENUM_CONVERSION = YES;
				CLANG_WARN_INFINITE_RECURSION = YES;
				CLANG_WARN_INT_CONVERSION = YES;
				CLANG_WARN_NON_LITERAL_NULL_CONVERSION = YES;
				CLANG_WARN_OBJC_IMPLICIT_RETAIN_SELF = YES;
				CLANG_WARN_OBJC_LITERAL_CONVERSION = YES;
				CLANG_WARN_OBJC_ROOT_CLASS = YES_ERROR;
				CLANG_WARN_QUOTED_INCLUDE_IN_FRAMEWORK_HEADER = YES;
				CLANG_WARN_RANGE_LOOP_ANALYSIS = YES;
				CLANG_WARN_STRICT_PROTOTYPES = YES;
				CLANG_WARN_SUSPICIOUS_MOVE = YES;
				CLANG_WARN_UNGUARDED_AVAILABILITY = YES_AGGRESSIVE;
				CLANG_WARN_UNREACHABLE_CODE = YES;
				CLANG_WARN__DUPLICATE_METHOD_MATCH = YES;
				COPY_PHASE_STRIP = NO;
				DEBUG_INFORMATION_FORMAT = "dwarf-with-dsym";
				DEVELOPMENT_TEAM = U5LW6HVD99;
				ENABLE_NS_ASSERTIONS = NO;
				ENABLE_STRICT_OBJC_MSGSEND = YES;
				ENABLE_USER_SCRIPT_SANDBOXING = YES;
				GCC_C_LANGUAGE_STANDARD = gnu17;
				GCC_NO_COMMON_BLOCKS = YES;
				GCC_WARN_64_TO_32_BIT_CONVERSION = YES;
				GCC_WARN_ABOUT_RETURN_TYPE = YES_ERROR;
				GCC_WARN_UNDECLARED_SELECTOR = YES;
				GCC_WARN_UNINITIALIZED_AUTOS = YES_AGGRESSIVE;
				GCC_WARN_UNUSED_FUNCTION = YES;
				GCC_WARN_UNUSED_VARIABLE = YES;
				IPHONEOS_DEPLOYMENT_TARGET = 26.4;
				LOCALIZATION_PREFERS_STRING_CATALOGS = YES;
				MTL_ENABLE_DEBUG_INFO = NO;
				MTL_FAST_MATH = YES;
				SDKROOT = iphoneos;
				SWIFT_COMPILATION_MODE = wholemodule;
				VALIDATE_PRODUCT = YES;
			};
			name = Release;
		};
		3169A4952F9A3E66007E135A /* Debug */ = {
			isa = XCBuildConfiguration;
			buildSettings = {
				ASSETCATALOG_COMPILER_APPICON_NAME = AppIcon;
				ASSETCATALOG_COMPILER_GLOBAL_ACCENT_COLOR_NAME = AccentColor;
				CODE_SIGN_STYLE = Automatic;
				CURRENT_PROJECT_VERSION = 1;
				DEVELOPMENT_TEAM = U5LW6HVD99;
				ENABLE_PREVIEWS = YES;
				GENERATE_INFOPLIST_FILE = YES;
				INFOPLIST_KEY_UIApplicationSceneManifest_Generation = YES;
				INFOPLIST_KEY_UIApplicationSupportsIndirectInputEvents = YES;
				INFOPLIST_KEY_UILaunchScreen_Generation = YES;
				INFOPLIST_KEY_UISupportedInterfaceOrientations_iPad = "UIInterfaceOrientationPortrait UIInterfaceOrientationPortraitUpsideDown UIInterfaceOrientationLandscapeLeft UIInterfaceOrientationLandscapeRight";
				INFOPLIST_KEY_UISupportedInterfaceOrientations_iPhone = "UIInterfaceOrientationPortrait UIInterfaceOrientationLandscapeLeft UIInterfaceOrientationLandscapeRight";
				LD_RUNPATH_SEARCH_PATHS = (
					"$(inherited)",
					"@executable_path/Frameworks",
				);
				MARKETING_VERSION = 1.0;
				PRODUCT_BUNDLE_IDENTIFIER = "net.deskplate.SwiftUI-YahooImageSearch-TCA";
				PRODUCT_NAME = "$(TARGET_NAME)";
				STRING_CATALOG_GENERATE_SYMBOLS = YES;
				SWIFT_APPROACHABLE_CONCURRENCY = YES;
				SWIFT_DEFAULT_ACTOR_ISOLATION = MainActor;
				SWIFT_EMIT_LOC_STRINGS = YES;
				SWIFT_UPCOMING_FEATURE_MEMBER_IMPORT_VISIBILITY = YES;
				SWIFT_VERSION = 5.0;
				TARGETED_DEVICE_FAMILY = "1,2";
			};
			name = Debug;
		};
		3169A4962F9A3E66007E135A /* Release */ = {
			isa = XCBuildConfiguration;
			buildSettings = {
				ASSETCATALOG_COMPILER_APPICON_NAME = AppIcon;
				ASSETCATALOG_COMPILER_GLOBAL_ACCENT_COLOR_NAME = AccentColor;
				CODE_SIGN_STYLE = Automatic;
				CURRENT_PROJECT_VERSION = 1;
				DEVELOPMENT_TEAM = U5LW6HVD99;
				ENABLE_PREVIEWS = YES;
				GENERATE_INFOPLIST_FILE = YES;
				INFOPLIST_KEY_UIApplicationSceneManifest_Generation = YES;
				INFOPLIST_KEY_UIApplicationSupportsIndirectInputEvents = YES;
				INFOPLIST_KEY_UILaunchScreen_Generation = YES;
				INFOPLIST_KEY_UISupportedInterfaceOrientations_iPad = "UIInterfaceOrientationPortrait UIInterfaceOrientationPortraitUpsideDown UIInterfaceOrientationLandscapeLeft UIInterfaceOrientationLandscapeRight";
				INFOPLIST_KEY_UISupportedInterfaceOrientations_iPhone = "UIInterfaceOrientationPortrait UIInterfaceOrientationLandscapeLeft UIInterfaceOrientationLandscapeRight";
				LD_RUNPATH_SEARCH_PATHS = (
					"$(inherited)",
					"@executable_path/Frameworks",
				);
				MARKETING_VERSION = 1.0;
				PRODUCT_BUNDLE_IDENTIFIER = "net.deskplate.SwiftUI-YahooImageSearch-TCA";
				PRODUCT_NAME = "$(TARGET_NAME)";
				STRING_CATALOG_GENERATE_SYMBOLS = YES;
				SWIFT_APPROACHABLE_CONCURRENCY = YES;
				SWIFT_DEFAULT_ACTOR_ISOLATION = MainActor;
				SWIFT_EMIT_LOC_STRINGS = YES;
				SWIFT_UPCOMING_FEATURE_MEMBER_IMPORT_VISIBILITY = YES;
				SWIFT_VERSION = 5.0;
				TARGETED_DEVICE_FAMILY = "1,2";
			};
			name = Release;
		};
		3169A4982F9A3E66007E135A /* Debug */ = {
			isa = XCBuildConfiguration;
			buildSettings = {
				BUNDLE_LOADER = "$(TEST_HOST)";
				CODE_SIGN_STYLE = Automatic;
				CURRENT_PROJECT_VERSION = 1;
				DEVELOPMENT_TEAM = U5LW6HVD99;
				GENERATE_INFOPLIST_FILE = YES;
				IPHONEOS_DEPLOYMENT_TARGET = 26.4;
				MARKETING_VERSION = 1.0;
				PRODUCT_BUNDLE_IDENTIFIER = "net.deskplate.SwiftUI-YahooImageSearch-TCATests";
				PRODUCT_NAME = "$(TARGET_NAME)";
				STRING_CATALOG_GENERATE_SYMBOLS = NO;
				SWIFT_APPROACHABLE_CONCURRENCY = YES;
				SWIFT_EMIT_LOC_STRINGS = NO;
				SWIFT_UPCOMING_FEATURE_MEMBER_IMPORT_VISIBILITY = YES;
				SWIFT_VERSION = 5.0;
				TARGETED_DEVICE_FAMILY = "1,2";
				TEST_HOST = "$(BUILT_PRODUCTS_DIR)/SwiftUI_YahooImageSearch_TCA.app/$(BUNDLE_EXECUTABLE_FOLDER_PATH)/SwiftUI_YahooImageSearch_TCA";
			};
			name = Debug;
		};
		3169A4992F9A3E66007E135A /* Release */ = {
			isa = XCBuildConfiguration;
			buildSettings = {
				BUNDLE_LOADER = "$(TEST_HOST)";
				CODE_SIGN_STYLE = Automatic;
				CURRENT_PROJECT_VERSION = 1;
				DEVELOPMENT_TEAM = U5LW6HVD99;
				GENERATE_INFOPLIST_FILE = YES;
				IPHONEOS_DEPLOYMENT_TARGET = 26.4;
				MARKETING_VERSION = 1.0;
				PRODUCT_BUNDLE_IDENTIFIER = "net.deskplate.SwiftUI-YahooImageSearch-TCATests";
				PRODUCT_NAME = "$(TARGET_NAME)";
				STRING_CATALOG_GENERATE_SYMBOLS = NO;
				SWIFT_APPROACHABLE_CONCURRENCY = YES;
				SWIFT_EMIT_LOC_STRINGS = NO;
				SWIFT_UPCOMING_FEATURE_MEMBER_IMPORT_VISIBILITY = YES;
				SWIFT_VERSION = 5.0;
				TARGETED_DEVICE_FAMILY = "1,2";
				TEST_HOST = "$(BUILT_PRODUCTS_DIR)/SwiftUI_YahooImageSearch_TCA.app/$(BUNDLE_EXECUTABLE_FOLDER_PATH)/SwiftUI_YahooImageSearch_TCA";
			};
			name = Release;
		};
		3169A49B2F9A3E66007E135A /* Debug */ = {
			isa = XCBuildConfiguration;
			buildSettings = {
				CODE_SIGN_STYLE = Automatic;
				CURRENT_PROJECT_VERSION = 1;
				DEVELOPMENT_TEAM = U5LW6HVD99;
				GENERATE_INFOPLIST_FILE = YES;
				MARKETING_VERSION = 1.0;
				PRODUCT_BUNDLE_IDENTIFIER = "net.deskplate.SwiftUI-YahooImageSearch-TCAUITests";
				PRODUCT_NAME = "$(TARGET_NAME)";
				STRING_CATALOG_GENERATE_SYMBOLS = NO;
				SWIFT_APPROACHABLE_CONCURRENCY = YES;
				SWIFT_EMIT_LOC_STRINGS = NO;
				SWIFT_UPCOMING_FEATURE_MEMBER_IMPORT_VISIBILITY = YES;
				SWIFT_VERSION = 5.0;
				TARGETED_DEVICE_FAMILY = "1,2";
				TEST_TARGET_NAME = SwiftUI_YahooImageSearch_TCA;
			};
			name = Debug;
		};
		3169A49C2F9A3E66007E135A /* Release */ = {
			isa = XCBuildConfiguration;
			buildSettings = {
				CODE_SIGN_STYLE = Automatic;
				CURRENT_PROJECT_VERSION = 1;
				DEVELOPMENT_TEAM = U5LW6HVD99;
				GENERATE_INFOPLIST_FILE = YES;
				MARKETING_VERSION = 1.0;
				PRODUCT_BUNDLE_IDENTIFIER = "net.deskplate.SwiftUI-YahooImageSearch-TCAUITests";
				PRODUCT_NAME = "$(TARGET_NAME)";
				STRING_CATALOG_GENERATE_SYMBOLS = NO;
				SWIFT_APPROACHABLE_CONCURRENCY = YES;
				SWIFT_EMIT_LOC_STRINGS = NO;
				SWIFT_UPCOMING_FEATURE_MEMBER_IMPORT_VISIBILITY = YES;
				SWIFT_VERSION = 5.0;
				TARGETED_DEVICE_FAMILY = "1,2";
				TEST_TARGET_NAME = SwiftUI_YahooImageSearch_TCA;
			};
			name = Release;
		};
/* End XCBuildConfiguration section */

/* Begin XCConfigurationList section */
		3169A46E2F9A3E63007E135A /* Build configuration list for PBXProject "SwiftUI_YahooImageSearch_TCA" */ = {
			isa = XCConfigurationList;
			buildConfigurations = (
				3169A4922F9A3E66007E135A /* Debug */,
				3169A4932F9A3E66007E135A /* Release */,
			);
			defaultConfigurationIsVisible = 0;
			defaultConfigurationName = Release;
		};
		3169A4942F9A3E66007E135A /* Build configuration list for PBXNativeTarget "SwiftUI_YahooImageSearch_TCA" */ = {
			isa = XCConfigurationList;
			buildConfigurations = (
				3169A4952F9A3E66007E135A /* Debug */,
				3169A4962F9A3E66007E135A /* Release */,
			);
			defaultConfigurationIsVisible = 0;
			defaultConfigurationName = Release;
		};
		3169A4972F9A3E66007E135A /* Build configuration list for PBXNativeTarget "SwiftUI_YahooImageSearch_TCATests" */ = {
			isa = XCConfigurationList;
			buildConfigurations = (
				3169A4982F9A3E66007E135A /* Debug */,
				3169A4992F9A3E66007E135A /* Release */,
			);
			defaultConfigurationIsVisible = 0;
			defaultConfigurationName = Release;
		};
		3169A49A2F9A3E66007E135A /* Build configuration list for PBXNativeTarget "SwiftUI_YahooImageSearch_TCAUITests" */ = {
			isa = XCConfigurationList;
			buildConfigurations = (
				3169A49B2F9A3E66007E135A /* Debug */,
				3169A49C2F9A3E66007E135A /* Release */,
			);
			defaultConfigurationIsVisible = 0;
			defaultConfigurationName = Release;
		};
/* End XCConfigurationList section */

/* Begin XCRemoteSwiftPackageReference section */
		3169A4A12F9A3F8A007E135A /* XCRemoteSwiftPackageReference "swift-composable-architecture" */ = {
			isa = XCRemoteSwiftPackageReference;
			repositoryURL = "https://github.com/pointfreeco/swift-composable-architecture";
			requirement = {
				kind = upToNextMajorVersion;
				minimumVersion = 1.25.5;
			};
			traits = (
			);
		};
		3169A4CB2F9A42C5007E135A /* XCRemoteSwiftPackageReference "QGrid" */ = {
			isa = XCRemoteSwiftPackageReference;
			repositoryURL = "https://github.com/Q-Mobile/QGrid";
			requirement = {
				kind = upToNextMajorVersion;
				minimumVersion = 0.1.4;
			};
		};
		3169A4CE2F9A4310007E135A /* XCRemoteSwiftPackageReference "ActivityIndicatorView" */ = {
			isa = XCRemoteSwiftPackageReference;
			repositoryURL = "https://github.com/exyte/ActivityIndicatorView";
			requirement = {
				kind = upToNextMajorVersion;
				minimumVersion = 1.2.1;
			};
		};
/* End XCRemoteSwiftPackageReference section */

/* Begin XCSwiftPackageProductDependency section */
		3169A4A22F9A3F8A007E135A /* ComposableArchitecture */ = {
			isa = XCSwiftPackageProductDependency;
			package = 3169A4A12F9A3F8A007E135A /* XCRemoteSwiftPackageReference "swift-composable-architecture" */;
			productName = ComposableArchitecture;
		};
		3169A4CC2F9A42C5007E135A /* QGrid */ = {
			isa = XCSwiftPackageProductDependency;
			package = 3169A4CB2F9A42C5007E135A /* XCRemoteSwiftPackageReference "QGrid" */;
			productName = QGrid;
		};
		3169A4CF2F9A4310007E135A /* ActivityIndicatorView */ = {
			isa = XCSwiftPackageProductDependency;
			package = 3169A4CE2F9A4310007E135A /* XCRemoteSwiftPackageReference "ActivityIndicatorView" */;
			productName = ActivityIndicatorView;
		};
/* End XCSwiftPackageProductDependency section */
	};
	rootObject = 3169A46B2F9A3E63007E135A /* Project object */;
}
